
Microsoft Visual Studio Solution File, Format Version 12.00
# Visual Studio Version 17
VisualStudioVersion = 17.9.34407.89
MinimumVisualStudioVersion = 10.0.40219.1
Project("{FAE04EC0-301F-11D3-BF4B-00C04F79EFBC}") = "WebApi-DotNet8", "WebApi-DotNet8\WebApi-DotNet8.csproj", "{22DD65ED-12CC-4DC2-A1FB-DF9A8D28E7DC}"
EndProject
Global
	GlobalSection(SolutionConfigurationPlatforms) = preSolution
		Debug|Any CPU = Debug|Any CPU
		Release|Any CPU = Release|Any CPU
	EndGlobalSection
	GlobalSection(ProjectConfigurationPlatforms) = postSolution
		{22DD65ED-12CC-4DC2-A1FB-DF9A8D28E7DC}.Debug|Any CPU.ActiveCfg = Debug|Any CPU
		{22DD65ED-12CC-4DC2-A1FB-DF9A8D28E7DC}.Debug|Any CPU.Build.0 = Debug|Any CPU
		{22DD65ED-12CC-4DC2-A1FB-DF9A8D28E7DC}.Release|Any CPU.ActiveCfg = Release|Any CPU
		{22DD65ED-12CC-4DC2-A1FB-DF9A8D28E7DC}.Release|Any CPU.Build.0 = Release|Any CPU
	EndGlobalSection
	GlobalSection(SolutionProperties) = preSolution
		HideSolutionNode = FALSE
	EndGlobalSection
	GlobalSection(ExtensibilityGlobals) = postSolution
		SolutionGuid = {ECB84140-4B62-49B2-BB28-F8D61BA71DAD}
	EndGlobalSection
EndGlobal
